
Microsoft Visual Studio Solution File, Format Version 12.00
# Visual Studio 2013
VisualStudioVersion = 12.0.30110.0
MinimumVisualStudioVersion = 10.0.40219.1
Project("{FAE04EC0-301F-11D3-BF4B-00C04F79EFBC}") = "Retain", "Retain\Retain.csproj", "{95622E90-54FD-4883-B904-4490582877F9}"
EndProject
Project("{FAE04EC0-301F-11D3-BF4B-00C04F79EFBC}") = "Retain.Tests", "Retain.Tests\Retain.Tests.csproj", "{CBE95D64-CD8E-4933-ACB8-C0BE35B5BCEC}"
EndProject
Global
	GlobalSection(SolutionConfigurationPlatforms) = preSolution
		Debug|Any CPU = Debug|Any CPU
		Release|Any CPU = Release|Any CPU
	EndGlobalSection
	GlobalSection(ProjectConfigurationPlatforms) = postSolution
		{95622E90-54FD-4883-B904-4490582877F9}.Debug|Any CPU.ActiveCfg = Debug|Any CPU
		{95622E90-54FD-4883-B904-4490582877F9}.Debug|Any CPU.Build.0 = Debug|Any CPU
		{95622E90-54FD-4883-B904-4490582877F9}.Release|Any CPU.ActiveCfg = Release|Any CPU
		{95622E90-54FD-4883-B904-4490582877F9}.Release|Any CPU.Build.0 = Release|Any CPU
		{CBE95D64-CD8E-4933-ACB8-C0BE35B5BCEC}.Debug|Any CPU.ActiveCfg = Debug|Any CPU
		{CBE95D64-CD8E-4933-ACB8-C0BE35B5BCEC}.Debug|Any CPU.Build.0 = Debug|Any CPU
		{CBE95D64-CD8E-4933-ACB8-C0BE35B5BCEC}.Release|Any CPU.ActiveCfg = Release|Any CPU
		{CBE95D64-CD8E-4933-ACB8-C0BE35B5BCEC}.Release|Any CPU.Build.0 = Release|Any CPU
	EndGlobalSection
	GlobalSection(SolutionProperties) = preSolution
		HideSolutionNode = FALSE
	EndGlobalSection
EndGlobal
